
Microsoft Visual Studio Solution File, Format Version 12.00
# Visual Studio Version 17
VisualStudioVersion = 17.7.34024.191
MinimumVisualStudioVersion = 10.0.40219.1
Project("{FAE04EC0-301F-11D3-BF4B-00C04F79EFBC}") = "Homework_JSON_XML", "Homework_JSON_XML.csproj", "{D6CC9734-20FB-490B-A805-47C5F9EC04CC}"
EndProject
Global
	GlobalSection(SolutionConfigurationPlatforms) = preSolution
		Debug|Any CPU = Debug|Any CPU
		Release|Any CPU = Release|Any CPU
	EndGlobalSection
	GlobalSection(ProjectConfigurationPlatforms) = postSolution
		{D6CC9734-20FB-490B-A805-47C5F9EC04CC}.Debug|Any CPU.ActiveCfg = Debug|Any CPU
		{D6CC9734-20FB-490B-A805-47C5F9EC04CC}.Debug|Any CPU.Build.0 = Debug|Any CPU
		{D6CC9734-20FB-490B-A805-47C5F9EC04CC}.Release|Any CPU.ActiveCfg = Release|Any CPU
		{D6CC9734-20FB-490B-A805-47C5F9EC04CC}.Release|Any CPU.Build.0 = Release|Any CPU
	EndGlobalSection
	GlobalSection(SolutionProperties) = preSolution
		HideSolutionNode = FALSE
	EndGlobalSection
	GlobalSection(ExtensibilityGlobals) = postSolution
		SolutionGuid = {88A609C6-F5F1-4FCF-89C5-CD6759CC6F65}
	EndGlobalSection
EndGlobal
