
Microsoft Visual Studio Solution File, Format Version 12.00
# Visual Studio Version 17
VisualStudioVersion = 17.7.34024.191
MinimumVisualStudioVersion = 10.0.40219.1
Project("{FAE04EC0-301F-11D3-BF4B-00C04F79EFBC}") = "Homework_TPL", "Homework_TPL.csproj", "{5A26B96D-9B4C-47F3-AE3F-88844B7FEE7E}"
EndProject
Global
	GlobalSection(SolutionConfigurationPlatforms) = preSolution
		Debug|Any CPU = Debug|Any CPU
		Release|Any CPU = Release|Any CPU
	EndGlobalSection
	GlobalSection(ProjectConfigurationPlatforms) = postSolution
		{5A26B96D-9B4C-47F3-AE3F-88844B7FEE7E}.Debug|Any CPU.ActiveCfg = Debug|Any CPU
		{5A26B96D-9B4C-47F3-AE3F-88844B7FEE7E}.Debug|Any CPU.Build.0 = Debug|Any CPU
		{5A26B96D-9B4C-47F3-AE3F-88844B7FEE7E}.Release|Any CPU.ActiveCfg = Release|Any CPU
		{5A26B96D-9B4C-47F3-AE3F-88844B7FEE7E}.Release|Any CPU.Build.0 = Release|Any CPU
	EndGlobalSection
	GlobalSection(SolutionProperties) = preSolution
		HideSolutionNode = FALSE
	EndGlobalSection
	GlobalSection(ExtensibilityGlobals) = postSolution
		SolutionGuid = {BCE74F64-1AC6-42B7-84A0-6479198F5D9E}
	EndGlobalSection
EndGlobal
